
Microsoft Visual Studio Solution File, Format Version 12.00
# Visual Studio Version 16
VisualStudioVersion = 16.0.810.19
MinimumVisualStudioVersion = 10.0.40219.1
Project("{FAE04EC0-301F-11D3-BF4B-00C04F79EFBC}") = "HelloWorldApi", "HelloWorldApi\HelloWorldApi.csproj", "{EBB603A7-7F17-4158-A605-94FF6C71F6DC}"
EndProject
Global
	GlobalSection(SolutionConfigurationPlatforms) = preSolution
		Debug|Any CPU = Debug|Any CPU
		Release|Any CPU = Release|Any CPU
	EndGlobalSection
	GlobalSection(ProjectConfigurationPlatforms) = postSolution
		{EBB603A7-7F17-4158-A605-94FF6C71F6DC}.Debug|Any CPU.ActiveCfg = Debug|Any CPU
		{EBB603A7-7F17-4158-A605-94FF6C71F6DC}.Debug|Any CPU.Build.0 = Debug|Any CPU
		{EBB603A7-7F17-4158-A605-94FF6C71F6DC}.Release|Any CPU.ActiveCfg = Release|Any CPU
		{EBB603A7-7F17-4158-A605-94FF6C71F6DC}.Release|Any CPU.Build.0 = Release|Any CPU
	EndGlobalSection
	GlobalSection(SolutionProperties) = preSolution
		HideSolutionNode = FALSE
	EndGlobalSection
	GlobalSection(ExtensibilityGlobals) = postSolution
		SolutionGuid = {B8C4E88F-1FC0-49DF-818E-2B37C89079A8}
	EndGlobalSection
EndGlobal
